PODS:
  - R.swift (3.3.0):
    - R.swift.Library (~> 3.0.2)
  - R.swift.Library (3.0.2)
  - RxCocoa (3.6.1):
    - RxSwift (~> 3.6)
  - RxDataSources (1.0.4):
    - RxCocoa (~> 3.0)
    - RxSwift (~> 3.0)
  - RxSwift (3.6.1)
  - SwiftyJSON (3.1.4)

DEPENDENCIES:
  - R.swift
  - RxCocoa
  - RxDataSources
  - RxSwift
  - SwiftyJSON

SPEC CHECKSUMS:
  R.swift: bde9704d50ff36820f49e266bc88ef545e1e9b36
  R.swift.Library: fbdec16c9802ad104fc1ba53415dc190e6ec5c73
  RxCocoa: 84a08739ab186248c7f31ce4ee92d6f8a947d690
  RxDataSources: b3389acc5fe2eefb8fcd81a2b76a876ad08bc82a
  RxSwift: f9de85ea20cd2f7716ee5409fc13523dc638e4e4
  SwiftyJSON: c2842d878f95482ffceec5709abc3d05680c0220

PODFILE CHECKSUM: 42f0a614cc0549e310f1256c45e459a9a422f559

COCOAPODS: 1.3.1
